
Microsoft Visual Studio Solution File, Format Version 12.00
# Visual Studio Version 16
VisualStudioVersion = 16.0.30114.105
MinimumVisualStudioVersion = 10.0.40219.1
Project("{FAE04EC0-301F-11D3-BF4B-00C04F79EFBC}") = "StackMath", "StackMath\StackMath.csproj", "{3E3672F3-FDA6-46D9-ACCC-9928FE0EDFC2}"
EndProject
Project("{FAE04EC0-301F-11D3-BF4B-00C04F79EFBC}") = "StackMathTests", "StackMathTests\StackMathTests.csproj", "{A070D2E7-1FCF-426F-A3DE-9095ED33CA0B}"
EndProject
Global
	GlobalSection(SolutionConfigurationPlatforms) = preSolution
		Debug|Any CPU = Debug|Any CPU
		Release|Any CPU = Release|Any CPU
	EndGlobalSection
	GlobalSection(ProjectConfigurationPlatforms) = postSolution
		{3E3672F3-FDA6-46D9-ACCC-9928FE0EDFC2}.Debug|Any CPU.ActiveCfg = Debug|Any CPU
		{3E3672F3-FDA6-46D9-ACCC-9928FE0EDFC2}.Debug|Any CPU.Build.0 = Debug|Any CPU
		{3E3672F3-FDA6-46D9-ACCC-9928FE0EDFC2}.Release|Any CPU.ActiveCfg = Release|Any CPU
		{3E3672F3-FDA6-46D9-ACCC-9928FE0EDFC2}.Release|Any CPU.Build.0 = Release|Any CPU
		{A070D2E7-1FCF-426F-A3DE-9095ED33CA0B}.Debug|Any CPU.ActiveCfg = Debug|Any CPU
		{A070D2E7-1FCF-426F-A3DE-9095ED33CA0B}.Debug|Any CPU.Build.0 = Debug|Any CPU
		{A070D2E7-1FCF-426F-A3DE-9095ED33CA0B}.Release|Any CPU.ActiveCfg = Release|Any CPU
		{A070D2E7-1FCF-426F-A3DE-9095ED33CA0B}.Release|Any CPU.Build.0 = Release|Any CPU
	EndGlobalSection
	GlobalSection(SolutionProperties) = preSolution
		HideSolutionNode = FALSE
	EndGlobalSection
	GlobalSection(ExtensibilityGlobals) = postSolution
		SolutionGuid = {BC08937C-750C-4E9D-B85B-5711E993F9FA}
	EndGlobalSection
EndGlobal
